# This file is automatically @generated by Cargo.
# It is not intended for manual editing.
version = 4

[[package]]
name = "bafioDb"
version = "0.1.0"
dependencies = [
 "libk",
]

[[package]]
name = "bootloader"
version = "0.1.0"

[[package]]
name = "exec"
version = "0.1.0"
dependencies = [
 "libk",
]

[[package]]
name = "filemanager"
version = "0.1.0"
dependencies = [
 "bafioDb",
 "kui",
 "libk",
]

[[package]]
name = "ide"
version = "0.1.0"
dependencies = [
 "kui",
 "libk",
]

[[package]]
name = "img"
version = "0.1.0"
dependencies = [
 "kui",
 "libk",
]

[[package]]
name = "kernel"
version = "0.1.0"
dependencies = [
 "libk",
]

[[package]]
name = "kui"
version = "0.1.0"
dependencies = [
 "libk",
]

[[package]]
name = "libk"
version = "0.1.0"

[[package]]
name = "login"
version = "0.1.0"
dependencies = [
 "bafioDb",
 "kui",
 "libk",
]

[[package]]
name = "proc1"
version = "0.1.0"
dependencies = [
 "kui",
 "libk",
]

[[package]]
name = "stage2"
version = "0.1.0"

[[package]]
name = "stage3"
version = "0.1.0"

[[package]]
name = "terminal"
version = "0.1.0"
dependencies = [
 "kui",
 "libk",
]

[[package]]
name = "userland"
version = "0.1.0"
dependencies = [
 "bafioDb",
 "kui",
 "libk",
]
